
Microsoft Visual Studio Solution File, Format Version 12.00
# Visual Studio 14
VisualStudioVersion = 14.0.25420.1
MinimumVisualStudioVersion = 10.0.40219.1
Project("{8BC9CEB8-8B4A-11D0-8D11-00A0C91BC942}") = "000数据结构与算法分析_C语言描述", "数据结构与算法分析_C语言描述\数据结构与算法分析_C语言描述.vcxproj", "{63BECB88-CA04-446F-B81E-76A9640EEF54}"
EndProject
Project("{8BC9CEB8-8B4A-11D0-8D11-00A0C91BC942}") = "01链表", "01链表\01链表.vcxproj", "{16589E05-AF6A-4EA5-AA37-1F4565FD3B1F}"
EndProject
Project("{8BC9CEB8-8B4A-11D0-8D11-00A0C91BC942}") = "02栈_链表实现", "02栈\02栈.vcxproj", "{87029193-C40E-4D8B-A11F-387AFACECC64}"
EndProject
Project("{8BC9CEB8-8B4A-11D0-8D11-00A0C91BC942}") = "03栈_数组实现", "03栈_数组实现\03栈_数组实现.vcxproj", "{5D6D89C5-5621-4A2B-8CCF-4D65ECDE6E1F}"
EndProject
Project("{8BC9CEB8-8B4A-11D0-8D11-00A0C91BC942}") = "04队列_链表实现。。", "04队列_链表实现。。\04队列_链表实现。。.vcxproj", "{60E1DF84-68F5-4E18-B7A1-C2617FA2F0C5}"
EndProject
Project("{8BC9CEB8-8B4A-11D0-8D11-00A0C91BC942}") = "05队列_数组实现", "05队列_数组实现\05队列_数组实现.vcxproj", "{925B5215-F31D-4346-A684-0E2B0B1F57FE}"
EndProject
Project("{8BC9CEB8-8B4A-11D0-8D11-00A0C91BC942}") = "06二叉查找树", "06二叉查找树\06二叉查找树.vcxproj", "{CE31CCC1-75E4-4E34-9C5E-6F6CC1089A03}"
EndProject
Project("{8BC9CEB8-8B4A-11D0-8D11-00A0C91BC942}") = "07AVL树", "07AVL树\07AVL树.vcxproj", "{3E6F29DE-9F46-4960-9131-ED1B087355EA}"
EndProject
Project("{8BC9CEB8-8B4A-11D0-8D11-00A0C91BC942}") = "08分离连接散列表", "08分离连接散列表\08分离连接散列表.vcxproj", "{763613A9-BA78-44BF-97FA-89D53B0F391C}"
EndProject
Project("{8BC9CEB8-8B4A-11D0-8D11-00A0C91BC942}") = "12插入排序", "11插入排序\11插入排序.vcxproj", "{30D8E373-3D5E-4690-A2DE-87A5FF1501FD}"
EndProject
Project("{8BC9CEB8-8B4A-11D0-8D11-00A0C91BC942}") = "09开放定址散列表", "09开放定址散列表\09开放定址散列表.vcxproj", "{760B9043-6B72-49E7-843B-3EDC933B3838}"
EndProject
Project("{8BC9CEB8-8B4A-11D0-8D11-00A0C91BC942}") = "11冒泡排序", "11冒泡排序\11冒泡排序.vcxproj", "{DFD79A35-BBAD-4BD8-839B-65499C00E693}"
EndProject
Project("{8BC9CEB8-8B4A-11D0-8D11-00A0C91BC942}") = "10堆", "10堆\10堆.vcxproj", "{0767E2C6-DE3E-43E3-833B-8D8D8C01D763}"
EndProject
Project("{8BC9CEB8-8B4A-11D0-8D11-00A0C91BC942}") = "13希尔排序", "13希尔排序\13希尔排序.vcxproj", "{E1FFDEB7-9A46-48FE-B290-78571F6CEA9F}"
EndProject
Project("{8BC9CEB8-8B4A-11D0-8D11-00A0C91BC942}") = "14堆排序", "14堆排序\14堆排序.vcxproj", "{33E4BE02-1910-4CBE-A00C-237BA29E4DA0}"
EndProject
Project("{8BC9CEB8-8B4A-11D0-8D11-00A0C91BC942}") = "15归并排序", "15归并排序\15归并排序.vcxproj", "{3CD230AC-E8FD-4766-A668-0709BBA6D397}"
EndProject
Project("{8BC9CEB8-8B4A-11D0-8D11-00A0C91BC942}") = "16快速排序", "16快速排序\16快速排序.vcxproj", "{E4F2980D-5BE1-4E7A-AE41-C0BDABBCCD1C}"
EndProject
Project("{8BC9CEB8-8B4A-11D0-8D11-00A0C91BC942}") = "17选择排序", "17选择排序\17选择排序.vcxproj", "{5F080BA3-6D16-4109-B423-032EBE5CF7C9}"
EndProject
Project("{8BC9CEB8-8B4A-11D0-8D11-00A0C91BC942}") = "18二分查找算法", "18二分查找算法\18二分查找算法.vcxproj", "{6393299E-23EC-4D91-A59F-D6CCB477D8AF}"
EndProject
Project("{8BC9CEB8-8B4A-11D0-8D11-00A0C91BC942}") = "19中序遍历非递归算法", "19中序遍历非递归算法\19中序遍历非递归算法.vcxproj", "{817C79AB-C75F-49C9-A0B6-529C6FFA850F}"
EndProject
Project("{8BC9CEB8-8B4A-11D0-8D11-00A0C91BC942}") = "20层序遍历", "20层序遍历\20层序遍历.vcxproj", "{3A6C4558-322C-450F-A3C9-7B02B51FD75B}"
EndProject
Project("{8BC9CEB8-8B4A-11D0-8D11-00A0C91BC942}") = "001最大子序列和", "ConsoleApplication1\ConsoleApplication1.vcxproj", "{0ECF32EB-D6B3-4FC6-B3F2-D380A78B5924}"
EndProject
Project("{8BC9CEB8-8B4A-11D0-8D11-00A0C91BC942}") = "002对分查找", "002对分查找\002对分查找.vcxproj", "{C5A333DD-91F4-407A-B13B-A2778B536ECA}"
EndProject
Project("{8BC9CEB8-8B4A-11D0-8D11-00A0C91BC942}") = "003欧几里得算法", "003欧几里得算法\003欧几里得算法.vcxproj", "{38E1321E-B561-49D1-BAAC-9FB38E2FDC61}"
EndProject
Project("{8BC9CEB8-8B4A-11D0-8D11-00A0C91BC942}") = "004幂运算", "004幂运算\004幂运算.vcxproj", "{7AE62EE5-761E-4160-8267-79FB8C1578E5}"
EndProject
Project("{8BC9CEB8-8B4A-11D0-8D11-00A0C91BC942}") = "005链表", "005链表\005链表.vcxproj", "{9E8CF950-3C18-41F8-8FC5-72163D8824CF}"
EndProject
Project("{8BC9CEB8-8B4A-11D0-8D11-00A0C91BC942}") = "006栈_链表实现", "006栈_链表实现\006栈_链表实现.vcxproj", "{19CE6542-3031-4369-8E3A-FC88DC94899A}"
EndProject
Project("{8BC9CEB8-8B4A-11D0-8D11-00A0C91BC942}") = "007栈_数组实现", "007栈_数组实现\007栈_数组实现.vcxproj", "{4B9DC09D-352C-4747-AA75-C66E0E5696DF}"
EndProject
Project("{8BC9CEB8-8B4A-11D0-8D11-00A0C91BC942}") = "008平衡符号", "008平衡符号\008平衡符号.vcxproj", "{6ABC2752-A15D-4012-878F-217202652059}"
EndProject
Project("{8BC9CEB8-8B4A-11D0-8D11-00A0C91BC942}") = "009队列_数组实现", "009队列_数组实现\009队列_数组实现.vcxproj", "{0972338C-4696-43C3-AD1E-1C60D5504363}"
EndProject
Project("{8BC9CEB8-8B4A-11D0-8D11-00A0C91BC942}") = "010队列_链表实现", "010队列_链表实现\010队列_链表实现.vcxproj", "{AF62CDCF-A2DA-451B-A130-558C2884B40E}"
EndProject
Project("{8BC9CEB8-8B4A-11D0-8D11-00A0C91BC942}") = "011二叉查找树", "011二叉查找树\011二叉查找树.vcxproj", "{19357015-8304-4F18-A4A8-AC6672BD7C38}"
EndProject
Project("{8BC9CEB8-8B4A-11D0-8D11-00A0C91BC942}") = "013分离链接散列表", "013分离链接散列表\013分离链接散列表.vcxproj", "{2D5932B3-09A7-4252-B21A-E240F592B491}"
EndProject
Project("{8BC9CEB8-8B4A-11D0-8D11-00A0C91BC942}") = "014开放定址散列表", "014开放定址散列表\014开放定址散列表.vcxproj", "{09301399-F4A3-4596-BC53-EFBA1BE5139D}"
EndProject
Project("{8BC9CEB8-8B4A-11D0-8D11-00A0C91BC942}") = "015二叉树", "015二叉树\015二叉树.vcxproj", "{1994F0A5-7C16-4CB5-B03C-04209337011A}"
EndProject
Project("{8BC9CEB8-8B4A-11D0-8D11-00A0C91BC942}") = "016二叉查找树", "016二叉查找树\016二叉查找树.vcxproj", "{38CA106A-BAB1-4A1E-A28F-567A0B9878E0}"
EndProject
Project("{8BC9CEB8-8B4A-11D0-8D11-00A0C91BC942}") = "017二叉树同构问题", "017二叉树同构问题\017二叉树同构问题.vcxproj", "{22965F10-9F54-4000-A544-EF9FCD30D270}"
EndProject
Project("{8BC9CEB8-8B4A-11D0-8D11-00A0C91BC942}") = "018AVL树", "018AVL树\018AVL树.vcxproj", "{DB259557-AAE2-4E64-9B3C-3646B01472FA}"
EndProject
Project("{8BC9CEB8-8B4A-11D0-8D11-00A0C91BC942}") = "019堆", "019堆\019堆.vcxproj", "{4A4D5BEE-AFF8-4F42-8C51-B576482CC911}"
EndProject
Project("{8BC9CEB8-8B4A-11D0-8D11-00A0C91BC942}") = "020哈夫曼树--有问题", "020哈夫曼树\020哈夫曼树.vcxproj", "{4592BAC5-6373-426A-934A-A23DC8CC097B}"
EndProject
Project("{8BC9CEB8-8B4A-11D0-8D11-00A0C91BC942}") = "021不相交集", "021不相交集\021不相交集.vcxproj", "{5F21D560-B5FE-4D39-88C7-615BD1CB1DB1}"
EndProject
Project("{8BC9CEB8-8B4A-11D0-8D11-00A0C91BC942}") = "022堆中的路径", "022堆中的路径\022堆中的路径.vcxproj", "{E1C2A9D8-C3C1-4F96-83A6-7157B5942ACD}"
EndProject
Project("{8BC9CEB8-8B4A-11D0-8D11-00A0C91BC942}") = "023FileTransfer", "023FileTransfer\023FileTransfer.vcxproj", "{F7081360-5476-4EAC-BDE5-55F1262FB30D}"
EndProject
Project("{8BC9CEB8-8B4A-11D0-8D11-00A0C91BC942}") = "024邻接矩阵法--BFS", "24图结构\24图结构.vcxproj", "{600C2463-C142-433A-B0C5-EA26F72043DB}"
EndProject
Project("{8BC9CEB8-8B4A-11D0-8D11-00A0C91BC942}") = "025邻接表表示法", "025邻接表表示法\025邻接表表示法.vcxproj", "{D0321A92-17CE-442D-89C1-96B997CAB076}"
EndProject
Project("{8BC9CEB8-8B4A-11D0-8D11-00A0C91BC942}") = "026无权图的单源最短路径算法", "026无权图的单源最短路径算法\026无权图的单源最短路径算法.vcxproj", "{8A3CC414-D3BD-47FC-84FC-FCD3839161CD}"
EndProject
Project("{8BC9CEB8-8B4A-11D0-8D11-00A0C91BC942}") = "027有权图的单源最短路径算法", "027有权图的单源最短路径算法\027有权图的单源最短路径算法.vcxproj", "{84830D94-6521-4FE8-9D90-CA6DDFB6434C}"
EndProject
Project("{8BC9CEB8-8B4A-11D0-8D11-00A0C91BC942}") = "024-1", "024-1\024-1.vcxproj", "{C391EEDB-1AF8-497E-B2A4-87926CC15DFF}"
EndProject
Global
	GlobalSection(SolutionConfigurationPlatforms) = preSolution
		Debug|x64 = Debug|x64
		Debug|x86 = Debug|x86
		Release|x64 = Release|x64
		Release|x86 = Release|x86
	EndGlobalSection
	GlobalSection(ProjectConfigurationPlatforms) = postSolution
		{63BECB88-CA04-446F-B81E-76A9640EEF54}.Debug|x64.ActiveCfg = Debug|x64
		{63BECB88-CA04-446F-B81E-76A9640EEF54}.Debug|x64.Build.0 = Debug|x64
		{63BECB88-CA04-446F-B81E-76A9640EEF54}.Debug|x86.ActiveCfg = Debug|Win32
		{63BECB88-CA04-446F-B81E-76A9640EEF54}.Debug|x86.Build.0 = Debug|Win32
		{63BECB88-CA04-446F-B81E-76A9640EEF54}.Release|x64.ActiveCfg = Release|x64
		{63BECB88-CA04-446F-B81E-76A9640EEF54}.Release|x64.Build.0 = Release|x64
		{63BECB88-CA04-446F-B81E-76A9640EEF54}.Release|x86.ActiveCfg = Release|Win32
		{63BECB88-CA04-446F-B81E-76A9640EEF54}.Release|x86.Build.0 = Release|Win32
		{16589E05-AF6A-4EA5-AA37-1F4565FD3B1F}.Debug|x64.ActiveCfg = Debug|x64
		{16589E05-AF6A-4EA5-AA37-1F4565FD3B1F}.Debug|x64.Build.0 = Debug|x64
		{16589E05-AF6A-4EA5-AA37-1F4565FD3B1F}.Debug|x86.ActiveCfg = Debug|Win32
		{16589E05-AF6A-4EA5-AA37-1F4565FD3B1F}.Debug|x86.Build.0 = Debug|Win32
		{16589E05-AF6A-4EA5-AA37-1F4565FD3B1F}.Release|x64.ActiveCfg = Release|x64
		{16589E05-AF6A-4EA5-AA37-1F4565FD3B1F}.Release|x64.Build.0 = Release|x64
		{16589E05-AF6A-4EA5-AA37-1F4565FD3B1F}.Release|x86.ActiveCfg = Release|Win32
		{16589E05-AF6A-4EA5-AA37-1F4565FD3B1F}.Release|x86.Build.0 = Release|Win32
		{87029193-C40E-4D8B-A11F-387AFACECC64}.Debug|x64.ActiveCfg = Debug|x64
		{87029193-C40E-4D8B-A11F-387AFACECC64}.Debug|x64.Build.0 = Debug|x64
		{87029193-C40E-4D8B-A11F-387AFACECC64}.Debug|x86.ActiveCfg = Debug|Win32
		{87029193-C40E-4D8B-A11F-387AFACECC64}.Debug|x86.Build.0 = Debug|Win32
		{87029193-C40E-4D8B-A11F-387AFACECC64}.Release|x64.ActiveCfg = Release|x64
		{87029193-C40E-4D8B-A11F-387AFACECC64}.Release|x64.Build.0 = Release|x64
		{87029193-C40E-4D8B-A11F-387AFACECC64}.Release|x86.ActiveCfg = Release|Win32
		{87029193-C40E-4D8B-A11F-387AFACECC64}.Release|x86.Build.0 = Release|Win32
		{5D6D89C5-5621-4A2B-8CCF-4D65ECDE6E1F}.Debug|x64.ActiveCfg = Debug|x64
		{5D6D89C5-5621-4A2B-8CCF-4D65ECDE6E1F}.Debug|x64.Build.0 = Debug|x64
		{5D6D89C5-5621-4A2B-8CCF-4D65ECDE6E1F}.Debug|x86.ActiveCfg = Debug|Win32
		{5D6D89C5-5621-4A2B-8CCF-4D65ECDE6E1F}.Debug|x86.Build.0 = Debug|Win32
		{5D6D89C5-5621-4A2B-8CCF-4D65ECDE6E1F}.Release|x64.ActiveCfg = Release|x64
		{5D6D89C5-5621-4A2B-8CCF-4D65ECDE6E1F}.Release|x64.Build.0 = Release|x64
		{5D6D89C5-5621-4A2B-8CCF-4D65ECDE6E1F}.Release|x86.ActiveCfg = Release|Win32
		{5D6D89C5-5621-4A2B-8CCF-4D65ECDE6E1F}.Release|x86.Build.0 = Release|Win32
		{60E1DF84-68F5-4E18-B7A1-C2617FA2F0C5}.Debug|x64.ActiveCfg = Debug|x64
		{60E1DF84-68F5-4E18-B7A1-C2617FA2F0C5}.Debug|x64.Build.0 = Debug|x64
		{60E1DF84-68F5-4E18-B7A1-C2617FA2F0C5}.Debug|x86.ActiveCfg = Debug|Win32
		{60E1DF84-68F5-4E18-B7A1-C2617FA2F0C5}.Debug|x86.Build.0 = Debug|Win32
		{60E1DF84-68F5-4E18-B7A1-C2617FA2F0C5}.Release|x64.ActiveCfg = Release|x64
		{60E1DF84-68F5-4E18-B7A1-C2617FA2F0C5}.Release|x64.Build.0 = Release|x64
		{60E1DF84-68F5-4E18-B7A1-C2617FA2F0C5}.Release|x86.ActiveCfg = Release|Win32
		{60E1DF84-68F5-4E18-B7A1-C2617FA2F0C5}.Release|x86.Build.0 = Release|Win32
		{925B5215-F31D-4346-A684-0E2B0B1F57FE}.Debug|x64.ActiveCfg = Debug|x64
		{925B5215-F31D-4346-A684-0E2B0B1F57FE}.Debug|x64.Build.0 = Debug|x64
		{925B5215-F31D-4346-A684-0E2B0B1F57FE}.Debug|x86.ActiveCfg = Debug|Win32
		{925B5215-F31D-4346-A684-0E2B0B1F57FE}.Debug|x86.Build.0 = Debug|Win32
		{925B5215-F31D-4346-A684-0E2B0B1F57FE}.Release|x64.ActiveCfg = Release|x64
		{925B5215-F31D-4346-A684-0E2B0B1F57FE}.Release|x64.Build.0 = Release|x64
		{925B5215-F31D-4346-A684-0E2B0B1F57FE}.Release|x86.ActiveCfg = Release|Win32
		{925B5215-F31D-4346-A684-0E2B0B1F57FE}.Release|x86.Build.0 = Release|Win32
		{CE31CCC1-75E4-4E34-9C5E-6F6CC1089A03}.Debug|x64.ActiveCfg = Debug|x64
		{CE31CCC1-75E4-4E34-9C5E-6F6CC1089A03}.Debug|x64.Build.0 = Debug|x64
		{CE31CCC1-75E4-4E34-9C5E-6F6CC1089A03}.Debug|x86.ActiveCfg = Debug|Win32
		{CE31CCC1-75E4-4E34-9C5E-6F6CC1089A03}.Debug|x86.Build.0 = Debug|Win32
		{CE31CCC1-75E4-4E34-9C5E-6F6CC1089A03}.Release|x64.ActiveCfg = Release|x64
		{CE31CCC1-75E4-4E34-9C5E-6F6CC1089A03}.Release|x64.Build.0 = Release|x64
		{CE31CCC1-75E4-4E34-9C5E-6F6CC1089A03}.Release|x86.ActiveCfg = Release|Win32
		{CE31CCC1-75E4-4E34-9C5E-6F6CC1089A03}.Release|x86.Build.0 = Release|Win32
		{3E6F29DE-9F46-4960-9131-ED1B087355EA}.Debug|x64.ActiveCfg = Debug|x64
		{3E6F29DE-9F46-4960-9131-ED1B087355EA}.Debug|x64.Build.0 = Debug|x64
		{3E6F29DE-9F46-4960-9131-ED1B087355EA}.Debug|x86.ActiveCfg = Debug|Win32
		{3E6F29DE-9F46-4960-9131-ED1B087355EA}.Debug|x86.Build.0 = Debug|Win32
		{3E6F29DE-9F46-4960-9131-ED1B087355EA}.Release|x64.ActiveCfg = Release|x64
		{3E6F29DE-9F46-4960-9131-ED1B087355EA}.Release|x64.Build.0 = Release|x64
		{3E6F29DE-9F46-4960-9131-ED1B087355EA}.Release|x86.ActiveCfg = Release|Win32
		{3E6F29DE-9F46-4960-9131-ED1B087355EA}.Release|x86.Build.0 = Release|Win32
		{763613A9-BA78-44BF-97FA-89D53B0F391C}.Debug|x64.ActiveCfg = Debug|x64
		{763613A9-BA78-44BF-97FA-89D53B0F391C}.Debug|x64.Build.0 = Debug|x64
		{763613A9-BA78-44BF-97FA-89D53B0F391C}.Debug|x86.ActiveCfg = Debug|Win32
		{763613A9-BA78-44BF-97FA-89D53B0F391C}.Debug|x86.Build.0 = Debug|Win32
		{763613A9-BA78-44BF-97FA-89D53B0F391C}.Release|x64.ActiveCfg = Release|x64
		{763613A9-BA78-44BF-97FA-89D53B0F391C}.Release|x64.Build.0 = Release|x64
		{763613A9-BA78-44BF-97FA-89D53B0F391C}.Release|x86.ActiveCfg = Release|Win32
		{763613A9-BA78-44BF-97FA-89D53B0F391C}.Release|x86.Build.0 = Release|Win32
		{30D8E373-3D5E-4690-A2DE-87A5FF1501FD}.Debug|x64.ActiveCfg = Debug|x64
		{30D8E373-3D5E-4690-A2DE-87A5FF1501FD}.Debug|x64.Build.0 = Debug|x64
		{30D8E373-3D5E-4690-A2DE-87A5FF1501FD}.Debug|x86.ActiveCfg = Debug|Win32
		{30D8E373-3D5E-4690-A2DE-87A5FF1501FD}.Debug|x86.Build.0 = Debug|Win32
		{30D8E373-3D5E-4690-A2DE-87A5FF1501FD}.Release|x64.ActiveCfg = Release|x64
		{30D8E373-3D5E-4690-A2DE-87A5FF1501FD}.Release|x64.Build.0 = Release|x64
		{30D8E373-3D5E-4690-A2DE-87A5FF1501FD}.Release|x86.ActiveCfg = Release|Win32
		{30D8E373-3D5E-4690-A2DE-87A5FF1501FD}.Release|x86.Build.0 = Release|Win32
		{760B9043-6B72-49E7-843B-3EDC933B3838}.Debug|x64.ActiveCfg = Debug|x64
		{760B9043-6B72-49E7-843B-3EDC933B3838}.Debug|x64.Build.0 = Debug|x64
		{760B9043-6B72-49E7-843B-3EDC933B3838}.Debug|x86.ActiveCfg = Debug|Win32
		{760B9043-6B72-49E7-843B-3EDC933B3838}.Debug|x86.Build.0 = Debug|Win32
		{760B9043-6B72-49E7-843B-3EDC933B3838}.Release|x64.ActiveCfg = Release|x64
		{760B9043-6B72-49E7-843B-3EDC933B3838}.Release|x64.Build.0 = Release|x64
		{760B9043-6B72-49E7-843B-3EDC933B3838}.Release|x86.ActiveCfg = Release|Win32
		{760B9043-6B72-49E7-843B-3EDC933B3838}.Release|x86.Build.0 = Release|Win32
		{DFD79A35-BBAD-4BD8-839B-65499C00E693}.Debug|x64.ActiveCfg = Debug|x64
		{DFD79A35-BBAD-4BD8-839B-65499C00E693}.Debug|x64.Build.0 = Debug|x64
		{DFD79A35-BBAD-4BD8-839B-65499C00E693}.Debug|x86.ActiveCfg = Debug|Win32
		{DFD79A35-BBAD-4BD8-839B-65499C00E693}.Debug|x86.Build.0 = Debug|Win32
		{DFD79A35-BBAD-4BD8-839B-65499C00E693}.Release|x64.ActiveCfg = Release|x64
		{DFD79A35-BBAD-4BD8-839B-65499C00E693}.Release|x64.Build.0 = Release|x64
		{DFD79A35-BBAD-4BD8-839B-65499C00E693}.Release|x86.ActiveCfg = Release|Win32
		{DFD79A35-BBAD-4BD8-839B-65499C00E693}.Release|x86.Build.0 = Release|Win32
		{0767E2C6-DE3E-43E3-833B-8D8D8C01D763}.Debug|x64.ActiveCfg = Debug|x64
		{0767E2C6-DE3E-43E3-833B-8D8D8C01D763}.Debug|x64.Build.0 = Debug|x64
		{0767E2C6-DE3E-43E3-833B-8D8D8C01D763}.Debug|x86.ActiveCfg = Debug|Win32
		{0767E2C6-DE3E-43E3-833B-8D8D8C01D763}.Debug|x86.Build.0 = Debug|Win32
		{0767E2C6-DE3E-43E3-833B-8D8D8C01D763}.Release|x64.ActiveCfg = Release|x64
		{0767E2C6-DE3E-43E3-833B-8D8D8C01D763}.Release|x64.Build.0 = Release|x64
		{0767E2C6-DE3E-43E3-833B-8D8D8C01D763}.Release|x86.ActiveCfg = Release|Win32
		{0767E2C6-DE3E-43E3-833B-8D8D8C01D763}.Release|x86.Build.0 = Release|Win32
		{E1FFDEB7-9A46-48FE-B290-78571F6CEA9F}.Debug|x64.ActiveCfg = Debug|x64
		{E1FFDEB7-9A46-48FE-B290-78571F6CEA9F}.Debug|x64.Build.0 = Debug|x64
		{E1FFDEB7-9A46-48FE-B290-78571F6CEA9F}.Debug|x86.ActiveCfg = Debug|Win32
		{E1FFDEB7-9A46-48FE-B290-78571F6CEA9F}.Debug|x86.Build.0 = Debug|Win32
		{E1FFDEB7-9A46-48FE-B290-78571F6CEA9F}.Release|x64.ActiveCfg = Release|x64
		{E1FFDEB7-9A46-48FE-B290-78571F6CEA9F}.Release|x64.Build.0 = Release|x64
		{E1FFDEB7-9A46-48FE-B290-78571F6CEA9F}.Release|x86.ActiveCfg = Release|Win32
		{E1FFDEB7-9A46-48FE-B290-78571F6CEA9F}.Release|x86.Build.0 = Release|Win32
		{33E4BE02-1910-4CBE-A00C-237BA29E4DA0}.Debug|x64.ActiveCfg = Debug|x64
		{33E4BE02-1910-4CBE-A00C-237BA29E4DA0}.Debug|x64.Build.0 = Debug|x64
		{33E4BE02-1910-4CBE-A00C-237BA29E4DA0}.Debug|x86.ActiveCfg = Debug|Win32
		{33E4BE02-1910-4CBE-A00C-237BA29E4DA0}.Debug|x86.Build.0 = Debug|Win32
		{33E4BE02-1910-4CBE-A00C-237BA29E4DA0}.Release|x64.ActiveCfg = Release|x64
		{33E4BE02-1910-4CBE-A00C-237BA29E4DA0}.Release|x64.Build.0 = Release|x64
		{33E4BE02-1910-4CBE-A00C-237BA29E4DA0}.Release|x86.ActiveCfg = Release|Win32
		{33E4BE02-1910-4CBE-A00C-237BA29E4DA0}.Release|x86.Build.0 = Release|Win32
		{3CD230AC-E8FD-4766-A668-0709BBA6D397}.Debug|x64.ActiveCfg = Debug|x64
		{3CD230AC-E8FD-4766-A668-0709BBA6D397}.Debug|x64.Build.0 = Debug|x64
		{3CD230AC-E8FD-4766-A668-0709BBA6D397}.Debug|x86.ActiveCfg = Debug|Win32
		{3CD230AC-E8FD-4766-A668-0709BBA6D397}.Debug|x86.Build.0 = Debug|Win32
		{3CD230AC-E8FD-4766-A668-0709BBA6D397}.Release|x64.ActiveCfg = Release|x64
		{3CD230AC-E8FD-4766-A668-0709BBA6D397}.Release|x64.Build.0 = Release|x64
		{3CD230AC-E8FD-4766-A668-0709BBA6D397}.Release|x86.ActiveCfg = Release|Win32
		{3CD230AC-E8FD-4766-A668-0709BBA6D397}.Release|x86.Build.0 = Release|Win32
		{E4F2980D-5BE1-4E7A-AE41-C0BDABBCCD1C}.Debug|x64.ActiveCfg = Debug|x64
		{E4F2980D-5BE1-4E7A-AE41-C0BDABBCCD1C}.Debug|x64.Build.0 = Debug|x64
		{E4F2980D-5BE1-4E7A-AE41-C0BDABBCCD1C}.Debug|x86.ActiveCfg = Debug|Win32
		{E4F2980D-5BE1-4E7A-AE41-C0BDABBCCD1C}.Debug|x86.Build.0 = Debug|Win32
		{E4F2980D-5BE1-4E7A-AE41-C0BDABBCCD1C}.Release|x64.ActiveCfg = Release|x64
		{E4F2980D-5BE1-4E7A-AE41-C0BDABBCCD1C}.Release|x64.Build.0 = Release|x64
		{E4F2980D-5BE1-4E7A-AE41-C0BDABBCCD1C}.Release|x86.ActiveCfg = Release|Win32
		{E4F2980D-5BE1-4E7A-AE41-C0BDABBCCD1C}.Release|x86.Build.0 = Release|Win32
		{5F080BA3-6D16-4109-B423-032EBE5CF7C9}.Debug|x64.ActiveCfg = Debug|x64
		{5F080BA3-6D16-4109-B423-032EBE5CF7C9}.Debug|x64.Build.0 = Debug|x64
		{5F080BA3-6D16-4109-B423-032EBE5CF7C9}.Debug|x86.ActiveCfg = Debug|Win32
		{5F080BA3-6D16-4109-B423-032EBE5CF7C9}.Debug|x86.Build.0 = Debug|Win32
		{5F080BA3-6D16-4109-B423-032EBE5CF7C9}.Release|x64.ActiveCfg = Release|x64
		{5F080BA3-6D16-4109-B423-032EBE5CF7C9}.Release|x64.Build.0 = Release|x64
		{5F080BA3-6D16-4109-B423-032EBE5CF7C9}.Release|x86.ActiveCfg = Release|Win32
		{5F080BA3-6D16-4109-B423-032EBE5CF7C9}.Release|x86.Build.0 = Release|Win32
		{6393299E-23EC-4D91-A59F-D6CCB477D8AF}.Debug|x64.ActiveCfg = Debug|x64
		{6393299E-23EC-4D91-A59F-D6CCB477D8AF}.Debug|x64.Build.0 = Debug|x64
		{6393299E-23EC-4D91-A59F-D6CCB477D8AF}.Debug|x86.ActiveCfg = Debug|Win32
		{6393299E-23EC-4D91-A59F-D6CCB477D8AF}.Debug|x86.Build.0 = Debug|Win32
		{6393299E-23EC-4D91-A59F-D6CCB477D8AF}.Release|x64.ActiveCfg = Release|x64
		{6393299E-23EC-4D91-A59F-D6CCB477D8AF}.Release|x64.Build.0 = Release|x64
		{6393299E-23EC-4D91-A59F-D6CCB477D8AF}.Release|x86.ActiveCfg = Release|Win32
		{6393299E-23EC-4D91-A59F-D6CCB477D8AF}.Release|x86.Build.0 = Release|Win32
		{817C79AB-C75F-49C9-A0B6-529C6FFA850F}.Debug|x64.ActiveCfg = Debug|x64
		{817C79AB-C75F-49C9-A0B6-529C6FFA850F}.Debug|x64.Build.0 = Debug|x64
		{817C79AB-C75F-49C9-A0B6-529C6FFA850F}.Debug|x86.ActiveCfg = Debug|Win32
		{817C79AB-C75F-49C9-A0B6-529C6FFA850F}.Debug|x86.Build.0 = Debug|Win32
		{817C79AB-C75F-49C9-A0B6-529C6FFA850F}.Release|x64.ActiveCfg = Release|x64
		{817C79AB-C75F-49C9-A0B6-529C6FFA850F}.Release|x64.Build.0 = Release|x64
		{817C79AB-C75F-49C9-A0B6-529C6FFA850F}.Release|x86.ActiveCfg = Release|Win32
		{817C79AB-C75F-49C9-A0B6-529C6FFA850F}.Release|x86.Build.0 = Release|Win32
		{3A6C4558-322C-450F-A3C9-7B02B51FD75B}.Debug|x64.ActiveCfg = Debug|x64
		{3A6C4558-322C-450F-A3C9-7B02B51FD75B}.Debug|x64.Build.0 = Debug|x64
		{3A6C4558-322C-450F-A3C9-7B02B51FD75B}.Debug|x86.ActiveCfg = Debug|Win32
		{3A6C4558-322C-450F-A3C9-7B02B51FD75B}.Debug|x86.Build.0 = Debug|Win32
		{3A6C4558-322C-450F-A3C9-7B02B51FD75B}.Release|x64.ActiveCfg = Release|x64
		{3A6C4558-322C-450F-A3C9-7B02B51FD75B}.Release|x64.Build.0 = Release|x64
		{3A6C4558-322C-450F-A3C9-7B02B51FD75B}.Release|x86.ActiveCfg = Release|Win32
		{3A6C4558-322C-450F-A3C9-7B02B51FD75B}.Release|x86.Build.0 = Release|Win32
		{0ECF32EB-D6B3-4FC6-B3F2-D380A78B5924}.Debug|x64.ActiveCfg = Debug|x64
		{0ECF32EB-D6B3-4FC6-B3F2-D380A78B5924}.Debug|x64.Build.0 = Debug|x64
		{0ECF32EB-D6B3-4FC6-B3F2-D380A78B5924}.Debug|x86.ActiveCfg = Debug|Win32
		{0ECF32EB-D6B3-4FC6-B3F2-D380A78B5924}.Debug|x86.Build.0 = Debug|Win32
		{0ECF32EB-D6B3-4FC6-B3F2-D380A78B5924}.Release|x64.ActiveCfg = Release|x64
		{0ECF32EB-D6B3-4FC6-B3F2-D380A78B5924}.Release|x64.Build.0 = Release|x64
		{0ECF32EB-D6B3-4FC6-B3F2-D380A78B5924}.Release|x86.ActiveCfg = Release|Win32
		{0ECF32EB-D6B3-4FC6-B3F2-D380A78B5924}.Release|x86.Build.0 = Release|Win32
		{C5A333DD-91F4-407A-B13B-A2778B536ECA}.Debug|x64.ActiveCfg = Debug|x64
		{C5A333DD-91F4-407A-B13B-A2778B536ECA}.Debug|x64.Build.0 = Debug|x64
		{C5A333DD-91F4-407A-B13B-A2778B536ECA}.Debug|x86.ActiveCfg = Debug|Win32
		{C5A333DD-91F4-407A-B13B-A2778B536ECA}.Debug|x86.Build.0 = Debug|Win32
		{C5A333DD-91F4-407A-B13B-A2778B536ECA}.Release|x64.ActiveCfg = Release|x64
		{C5A333DD-91F4-407A-B13B-A2778B536ECA}.Release|x64.Build.0 = Release|x64
		{C5A333DD-91F4-407A-B13B-A2778B536ECA}.Release|x86.ActiveCfg = Release|Win32
		{C5A333DD-91F4-407A-B13B-A2778B536ECA}.Release|x86.Build.0 = Release|Win32
		{38E1321E-B561-49D1-BAAC-9FB38E2FDC61}.Debug|x64.ActiveCfg = Debug|x64
		{38E1321E-B561-49D1-BAAC-9FB38E2FDC61}.Debug|x64.Build.0 = Debug|x64
		{38E1321E-B561-49D1-BAAC-9FB38E2FDC61}.Debug|x86.ActiveCfg = Debug|Win32
		{38E1321E-B561-49D1-BAAC-9FB38E2FDC61}.Debug|x86.Build.0 = Debug|Win32
		{38E1321E-B561-49D1-BAAC-9FB38E2FDC61}.Release|x64.ActiveCfg = Release|x64
		{38E1321E-B561-49D1-BAAC-9FB38E2FDC61}.Release|x64.Build.0 = Release|x64
		{38E1321E-B561-49D1-BAAC-9FB38E2FDC61}.Release|x86.ActiveCfg = Release|Win32
		{38E1321E-B561-49D1-BAAC-9FB38E2FDC61}.Release|x86.Build.0 = Release|Win32
		{7AE62EE5-761E-4160-8267-79FB8C1578E5}.Debug|x64.ActiveCfg = Debug|x64
		{7AE62EE5-761E-4160-8267-79FB8C1578E5}.Debug|x64.Build.0 = Debug|x64
		{7AE62EE5-761E-4160-8267-79FB8C1578E5}.Debug|x86.ActiveCfg = Debug|Win32
		{7AE62EE5-761E-4160-8267-79FB8C1578E5}.Debug|x86.Build.0 = Debug|Win32
		{7AE62EE5-761E-4160-8267-79FB8C1578E5}.Release|x64.ActiveCfg = Release|x64
		{7AE62EE5-761E-4160-8267-79FB8C1578E5}.Release|x64.Build.0 = Release|x64
		{7AE62EE5-761E-4160-8267-79FB8C1578E5}.Release|x86.ActiveCfg = Release|Win32
		{7AE62EE5-761E-4160-8267-79FB8C1578E5}.Release|x86.Build.0 = Release|Win32
		{9E8CF950-3C18-41F8-8FC5-72163D8824CF}.Debug|x64.ActiveCfg = Debug|x64
		{9E8CF950-3C18-41F8-8FC5-72163D8824CF}.Debug|x64.Build.0 = Debug|x64
		{9E8CF950-3C18-41F8-8FC5-72163D8824CF}.Debug|x86.ActiveCfg = Debug|Win32
		{9E8CF950-3C18-41F8-8FC5-72163D8824CF}.Debug|x86.Build.0 = Debug|Win32
		{9E8CF950-3C18-41F8-8FC5-72163D8824CF}.Release|x64.ActiveCfg = Release|x64
		{9E8CF950-3C18-41F8-8FC5-72163D8824CF}.Release|x64.Build.0 = Release|x64
		{9E8CF950-3C18-41F8-8FC5-72163D8824CF}.Release|x86.ActiveCfg = Release|Win32
		{9E8CF950-3C18-41F8-8FC5-72163D8824CF}.Release|x86.Build.0 = Release|Win32
		{19CE6542-3031-4369-8E3A-FC88DC94899A}.Debug|x64.ActiveCfg = Debug|x64
		{19CE6542-3031-4369-8E3A-FC88DC94899A}.Debug|x64.Build.0 = Debug|x64
		{19CE6542-3031-4369-8E3A-FC88DC94899A}.Debug|x86.ActiveCfg = Debug|Win32
		{19CE6542-3031-4369-8E3A-FC88DC94899A}.Debug|x86.Build.0 = Debug|Win32
		{19CE6542-3031-4369-8E3A-FC88DC94899A}.Release|x64.ActiveCfg = Release|x64
		{19CE6542-3031-4369-8E3A-FC88DC94899A}.Release|x64.Build.0 = Release|x64
		{19CE6542-3031-4369-8E3A-FC88DC94899A}.Release|x86.ActiveCfg = Release|Win32
		{19CE6542-3031-4369-8E3A-FC88DC94899A}.Release|x86.Build.0 = Release|Win32
		{4B9DC09D-352C-4747-AA75-C66E0E5696DF}.Debug|x64.ActiveCfg = Debug|x64
		{4B9DC09D-352C-4747-AA75-C66E0E5696DF}.Debug|x64.Build.0 = Debug|x64
		{4B9DC09D-352C-4747-AA75-C66E0E5696DF}.Debug|x86.ActiveCfg = Debug|Win32
		{4B9DC09D-352C-4747-AA75-C66E0E5696DF}.Debug|x86.Build.0 = Debug|Win32
		{4B9DC09D-352C-4747-AA75-C66E0E5696DF}.Release|x64.ActiveCfg = Release|x64
		{4B9DC09D-352C-4747-AA75-C66E0E5696DF}.Release|x64.Build.0 = Release|x64
		{4B9DC09D-352C-4747-AA75-C66E0E5696DF}.Release|x86.ActiveCfg = Release|Win32
		{4B9DC09D-352C-4747-AA75-C66E0E5696DF}.Release|x86.Build.0 = Release|Win32
		{6ABC2752-A15D-4012-878F-217202652059}.Debug|x64.ActiveCfg = Debug|x64
		{6ABC2752-A15D-4012-878F-217202652059}.Debug|x64.Build.0 = Debug|x64
		{6ABC2752-A15D-4012-878F-217202652059}.Debug|x86.ActiveCfg = Debug|Win32
		{6ABC2752-A15D-4012-878F-217202652059}.Debug|x86.Build.0 = Debug|Win32
		{6ABC2752-A15D-4012-878F-217202652059}.Release|x64.ActiveCfg = Release|x64
		{6ABC2752-A15D-4012-878F-217202652059}.Release|x64.Build.0 = Release|x64
		{6ABC2752-A15D-4012-878F-217202652059}.Release|x86.ActiveCfg = Release|Win32
		{6ABC2752-A15D-4012-878F-217202652059}.Release|x86.Build.0 = Release|Win32
		{0972338C-4696-43C3-AD1E-1C60D5504363}.Debug|x64.ActiveCfg = Debug|x64
		{0972338C-4696-43C3-AD1E-1C60D5504363}.Debug|x64.Build.0 = Debug|x64
		{0972338C-4696-43C3-AD1E-1C60D5504363}.Debug|x86.ActiveCfg = Debug|Win32
		{0972338C-4696-43C3-AD1E-1C60D5504363}.Debug|x86.Build.0 = Debug|Win32
		{0972338C-4696-43C3-AD1E-1C60D5504363}.Release|x64.ActiveCfg = Release|x64
		{0972338C-4696-43C3-AD1E-1C60D5504363}.Release|x64.Build.0 = Release|x64
		{0972338C-4696-43C3-AD1E-1C60D5504363}.Release|x86.ActiveCfg = Release|Win32
		{0972338C-4696-43C3-AD1E-1C60D5504363}.Release|x86.Build.0 = Release|Win32
		{AF62CDCF-A2DA-451B-A130-558C2884B40E}.Debug|x64.ActiveCfg = Debug|x64
		{AF62CDCF-A2DA-451B-A130-558C2884B40E}.Debug|x64.Build.0 = Debug|x64
		{AF62CDCF-A2DA-451B-A130-558C2884B40E}.Debug|x86.ActiveCfg = Debug|Win32
		{AF62CDCF-A2DA-451B-A130-558C2884B40E}.Debug|x86.Build.0 = Debug|Win32
		{AF62CDCF-A2DA-451B-A130-558C2884B40E}.Release|x64.ActiveCfg = Release|x64
		{AF62CDCF-A2DA-451B-A130-558C2884B40E}.Release|x64.Build.0 = Release|x64
		{AF62CDCF-A2DA-451B-A130-558C2884B40E}.Release|x86.ActiveCfg = Release|Win32
		{AF62CDCF-A2DA-451B-A130-558C2884B40E}.Release|x86.Build.0 = Release|Win32
		{19357015-8304-4F18-A4A8-AC6672BD7C38}.Debug|x64.ActiveCfg = Debug|x64
		{19357015-8304-4F18-A4A8-AC6672BD7C38}.Debug|x64.Build.0 = Debug|x64
		{19357015-8304-4F18-A4A8-AC6672BD7C38}.Debug|x86.ActiveCfg = Debug|Win32
		{19357015-8304-4F18-A4A8-AC6672BD7C38}.Debug|x86.Build.0 = Debug|Win32
		{19357015-8304-4F18-A4A8-AC6672BD7C38}.Release|x64.ActiveCfg = Release|x64
		{19357015-8304-4F18-A4A8-AC6672BD7C38}.Release|x64.Build.0 = Release|x64
		{19357015-8304-4F18-A4A8-AC6672BD7C38}.Release|x86.ActiveCfg = Release|Win32
		{19357015-8304-4F18-A4A8-AC6672BD7C38}.Release|x86.Build.0 = Release|Win32
		{2D5932B3-09A7-4252-B21A-E240F592B491}.Debug|x64.ActiveCfg = Debug|x64
		{2D5932B3-09A7-4252-B21A-E240F592B491}.Debug|x64.Build.0 = Debug|x64
		{2D5932B3-09A7-4252-B21A-E240F592B491}.Debug|x86.ActiveCfg = Debug|Win32
		{2D5932B3-09A7-4252-B21A-E240F592B491}.Debug|x86.Build.0 = Debug|Win32
		{2D5932B3-09A7-4252-B21A-E240F592B491}.Release|x64.ActiveCfg = Release|x64
		{2D5932B3-09A7-4252-B21A-E240F592B491}.Release|x64.Build.0 = Release|x64
		{2D5932B3-09A7-4252-B21A-E240F592B491}.Release|x86.ActiveCfg = Release|Win32
		{2D5932B3-09A7-4252-B21A-E240F592B491}.Release|x86.Build.0 = Release|Win32
		{09301399-F4A3-4596-BC53-EFBA1BE5139D}.Debug|x64.ActiveCfg = Debug|x64
		{09301399-F4A3-4596-BC53-EFBA1BE5139D}.Debug|x64.Build.0 = Debug|x64
		{09301399-F4A3-4596-BC53-EFBA1BE5139D}.Debug|x86.ActiveCfg = Debug|Win32
		{09301399-F4A3-4596-BC53-EFBA1BE5139D}.Debug|x86.Build.0 = Debug|Win32
		{09301399-F4A3-4596-BC53-EFBA1BE5139D}.Release|x64.ActiveCfg = Release|x64
		{09301399-F4A3-4596-BC53-EFBA1BE5139D}.Release|x64.Build.0 = Release|x64
		{09301399-F4A3-4596-BC53-EFBA1BE5139D}.Release|x86.ActiveCfg = Release|Win32
		{09301399-F4A3-4596-BC53-EFBA1BE5139D}.Release|x86.Build.0 = Release|Win32
		{1994F0A5-7C16-4CB5-B03C-04209337011A}.Debug|x64.ActiveCfg = Debug|x64
		{1994F0A5-7C16-4CB5-B03C-04209337011A}.Debug|x64.Build.0 = Debug|x64
		{1994F0A5-7C16-4CB5-B03C-04209337011A}.Debug|x86.ActiveCfg = Debug|Win32
		{1994F0A5-7C16-4CB5-B03C-04209337011A}.Debug|x86.Build.0 = Debug|Win32
		{1994F0A5-7C16-4CB5-B03C-04209337011A}.Release|x64.ActiveCfg = Release|x64
		{1994F0A5-7C16-4CB5-B03C-04209337011A}.Release|x64.Build.0 = Release|x64
		{1994F0A5-7C16-4CB5-B03C-04209337011A}.Release|x86.ActiveCfg = Release|Win32
		{1994F0A5-7C16-4CB5-B03C-04209337011A}.Release|x86.Build.0 = Release|Win32
		{38CA106A-BAB1-4A1E-A28F-567A0B9878E0}.Debug|x64.ActiveCfg = Debug|x64
		{38CA106A-BAB1-4A1E-A28F-567A0B9878E0}.Debug|x64.Build.0 = Debug|x64
		{38CA106A-BAB1-4A1E-A28F-567A0B9878E0}.Debug|x86.ActiveCfg = Debug|Win32
		{38CA106A-BAB1-4A1E-A28F-567A0B9878E0}.Debug|x86.Build.0 = Debug|Win32
		{38CA106A-BAB1-4A1E-A28F-567A0B9878E0}.Release|x64.ActiveCfg = Release|x64
		{38CA106A-BAB1-4A1E-A28F-567A0B9878E0}.Release|x64.Build.0 = Release|x64
		{38CA106A-BAB1-4A1E-A28F-567A0B9878E0}.Release|x86.ActiveCfg = Release|Win32
		{38CA106A-BAB1-4A1E-A28F-567A0B9878E0}.Release|x86.Build.0 = Release|Win32
		{22965F10-9F54-4000-A544-EF9FCD30D270}.Debug|x64.ActiveCfg = Debug|x64
		{22965F10-9F54-4000-A544-EF9FCD30D270}.Debug|x64.Build.0 = Debug|x64
		{22965F10-9F54-4000-A544-EF9FCD30D270}.Debug|x86.ActiveCfg = Debug|Win32
		{22965F10-9F54-4000-A544-EF9FCD30D270}.Debug|x86.Build.0 = Debug|Win32
		{22965F10-9F54-4000-A544-EF9FCD30D270}.Release|x64.ActiveCfg = Release|x64
		{22965F10-9F54-4000-A544-EF9FCD30D270}.Release|x64.Build.0 = Release|x64
		{22965F10-9F54-4000-A544-EF9FCD30D270}.Release|x86.ActiveCfg = Release|Win32
		{22965F10-9F54-4000-A544-EF9FCD30D270}.Release|x86.Build.0 = Release|Win32
		{DB259557-AAE2-4E64-9B3C-3646B01472FA}.Debug|x64.ActiveCfg = Debug|x64
		{DB259557-AAE2-4E64-9B3C-3646B01472FA}.Debug|x64.Build.0 = Debug|x64
		{DB259557-AAE2-4E64-9B3C-3646B01472FA}.Debug|x86.ActiveCfg = Debug|Win32
		{DB259557-AAE2-4E64-9B3C-3646B01472FA}.Debug|x86.Build.0 = Debug|Win32
		{DB259557-AAE2-4E64-9B3C-3646B01472FA}.Release|x64.ActiveCfg = Release|x64
		{DB259557-AAE2-4E64-9B3C-3646B01472FA}.Release|x64.Build.0 = Release|x64
		{DB259557-AAE2-4E64-9B3C-3646B01472FA}.Release|x86.ActiveCfg = Release|Win32
		{DB259557-AAE2-4E64-9B3C-3646B01472FA}.Release|x86.Build.0 = Release|Win32
		{4A4D5BEE-AFF8-4F42-8C51-B576482CC911}.Debug|x64.ActiveCfg = Debug|x64
		{4A4D5BEE-AFF8-4F42-8C51-B576482CC911}.Debug|x64.Build.0 = Debug|x64
		{4A4D5BEE-AFF8-4F42-8C51-B576482CC911}.Debug|x86.ActiveCfg = Debug|Win32
		{4A4D5BEE-AFF8-4F42-8C51-B576482CC911}.Debug|x86.Build.0 = Debug|Win32
		{4A4D5BEE-AFF8-4F42-8C51-B576482CC911}.Release|x64.ActiveCfg = Release|x64
		{4A4D5BEE-AFF8-4F42-8C51-B576482CC911}.Release|x64.Build.0 = Release|x64
		{4A4D5BEE-AFF8-4F42-8C51-B576482CC911}.Release|x86.ActiveCfg = Release|Win32
		{4A4D5BEE-AFF8-4F42-8C51-B576482CC911}.Release|x86.Build.0 = Release|Win32
		{4592BAC5-6373-426A-934A-A23DC8CC097B}.Debug|x64.ActiveCfg = Debug|x64
		{4592BAC5-6373-426A-934A-A23DC8CC097B}.Debug|x64.Build.0 = Debug|x64
		{4592BAC5-6373-426A-934A-A23DC8CC097B}.Debug|x86.ActiveCfg = Debug|Win32
		{4592BAC5-6373-426A-934A-A23DC8CC097B}.Debug|x86.Build.0 = Debug|Win32
		{4592BAC5-6373-426A-934A-A23DC8CC097B}.Release|x64.ActiveCfg = Release|x64
		{4592BAC5-6373-426A-934A-A23DC8CC097B}.Release|x64.Build.0 = Release|x64
		{4592BAC5-6373-426A-934A-A23DC8CC097B}.Release|x86.ActiveCfg = Release|Win32
		{4592BAC5-6373-426A-934A-A23DC8CC097B}.Release|x86.Build.0 = Release|Win32
		{5F21D560-B5FE-4D39-88C7-615BD1CB1DB1}.Debug|x64.ActiveCfg = Debug|x64
		{5F21D560-B5FE-4D39-88C7-615BD1CB1DB1}.Debug|x64.Build.0 = Debug|x64
		{5F21D560-B5FE-4D39-88C7-615BD1CB1DB1}.Debug|x86.ActiveCfg = Debug|Win32
		{5F21D560-B5FE-4D39-88C7-615BD1CB1DB1}.Debug|x86.Build.0 = Debug|Win32
		{5F21D560-B5FE-4D39-88C7-615BD1CB1DB1}.Release|x64.ActiveCfg = Release|x64
		{5F21D560-B5FE-4D39-88C7-615BD1CB1DB1}.Release|x64.Build.0 = Release|x64
		{5F21D560-B5FE-4D39-88C7-615BD1CB1DB1}.Release|x86.ActiveCfg = Release|Win32
		{5F21D560-B5FE-4D39-88C7-615BD1CB1DB1}.Release|x86.Build.0 = Release|Win32
		{E1C2A9D8-C3C1-4F96-83A6-7157B5942ACD}.Debug|x64.ActiveCfg = Debug|x64
		{E1C2A9D8-C3C1-4F96-83A6-7157B5942ACD}.Debug|x64.Build.0 = Debug|x64
		{E1C2A9D8-C3C1-4F96-83A6-7157B5942ACD}.Debug|x86.ActiveCfg = Debug|Win32
		{E1C2A9D8-C3C1-4F96-83A6-7157B5942ACD}.Debug|x86.Build.0 = Debug|Win32
		{E1C2A9D8-C3C1-4F96-83A6-7157B5942ACD}.Release|x64.ActiveCfg = Release|x64
		{E1C2A9D8-C3C1-4F96-83A6-7157B5942ACD}.Release|x64.Build.0 = Release|x64
		{E1C2A9D8-C3C1-4F96-83A6-7157B5942ACD}.Release|x86.ActiveCfg = Release|Win32
		{E1C2A9D8-C3C1-4F96-83A6-7157B5942ACD}.Release|x86.Build.0 = Release|Win32
		{F7081360-5476-4EAC-BDE5-55F1262FB30D}.Debug|x64.ActiveCfg = Debug|x64
		{F7081360-5476-4EAC-BDE5-55F1262FB30D}.Debug|x64.Build.0 = Debug|x64
		{F7081360-5476-4EAC-BDE5-55F1262FB30D}.Debug|x86.ActiveCfg = Debug|Win32
		{F7081360-5476-4EAC-BDE5-55F1262FB30D}.Debug|x86.Build.0 = Debug|Win32
		{F7081360-5476-4EAC-BDE5-55F1262FB30D}.Release|x64.ActiveCfg = Release|x64
		{F7081360-5476-4EAC-BDE5-55F1262FB30D}.Release|x64.Build.0 = Release|x64
		{F7081360-5476-4EAC-BDE5-55F1262FB30D}.Release|x86.ActiveCfg = Release|Win32
		{F7081360-5476-4EAC-BDE5-55F1262FB30D}.Release|x86.Build.0 = Release|Win32
		{600C2463-C142-433A-B0C5-EA26F72043DB}.Debug|x64.ActiveCfg = Debug|x64
		{600C2463-C142-433A-B0C5-EA26F72043DB}.Debug|x64.Build.0 = Debug|x64
		{600C2463-C142-433A-B0C5-EA26F72043DB}.Debug|x86.ActiveCfg = Debug|Win32
		{600C2463-C142-433A-B0C5-EA26F72043DB}.Debug|x86.Build.0 = Debug|Win32
		{600C2463-C142-433A-B0C5-EA26F72043DB}.Release|x64.ActiveCfg = Release|x64
		{600C2463-C142-433A-B0C5-EA26F72043DB}.Release|x64.Build.0 = Release|x64
		{600C2463-C142-433A-B0C5-EA26F72043DB}.Release|x86.ActiveCfg = Release|Win32
		{600C2463-C142-433A-B0C5-EA26F72043DB}.Release|x86.Build.0 = Release|Win32
		{D0321A92-17CE-442D-89C1-96B997CAB076}.Debug|x64.ActiveCfg = Debug|x64
		{D0321A92-17CE-442D-89C1-96B997CAB076}.Debug|x64.Build.0 = Debug|x64
		{D0321A92-17CE-442D-89C1-96B997CAB076}.Debug|x86.ActiveCfg = Debug|Win32
		{D0321A92-17CE-442D-89C1-96B997CAB076}.Debug|x86.Build.0 = Debug|Win32
		{D0321A92-17CE-442D-89C1-96B997CAB076}.Release|x64.ActiveCfg = Release|x64
		{D0321A92-17CE-442D-89C1-96B997CAB076}.Release|x64.Build.0 = Release|x64
		{D0321A92-17CE-442D-89C1-96B997CAB076}.Release|x86.ActiveCfg = Release|Win32
		{D0321A92-17CE-442D-89C1-96B997CAB076}.Release|x86.Build.0 = Release|Win32
		{8A3CC414-D3BD-47FC-84FC-FCD3839161CD}.Debug|x64.ActiveCfg = Debug|x64
		{8A3CC414-D3BD-47FC-84FC-FCD3839161CD}.Debug|x64.Build.0 = Debug|x64
		{8A3CC414-D3BD-47FC-84FC-FCD3839161CD}.Debug|x86.ActiveCfg = Debug|Win32
		{8A3CC414-D3BD-47FC-84FC-FCD3839161CD}.Debug|x86.Build.0 = Debug|Win32
		{8A3CC414-D3BD-47FC-84FC-FCD3839161CD}.Release|x64.ActiveCfg = Release|x64
		{8A3CC414-D3BD-47FC-84FC-FCD3839161CD}.Release|x64.Build.0 = Release|x64
		{8A3CC414-D3BD-47FC-84FC-FCD3839161CD}.Release|x86.ActiveCfg = Release|Win32
		{8A3CC414-D3BD-47FC-84FC-FCD3839161CD}.Release|x86.Build.0 = Release|Win32
		{84830D94-6521-4FE8-9D90-CA6DDFB6434C}.Debug|x64.ActiveCfg = Debug|x64
		{84830D94-6521-4FE8-9D90-CA6DDFB6434C}.Debug|x64.Build.0 = Debug|x64
		{84830D94-6521-4FE8-9D90-CA6DDFB6434C}.Debug|x86.ActiveCfg = Debug|Win32
		{84830D94-6521-4FE8-9D90-CA6DDFB6434C}.Debug|x86.Build.0 = Debug|Win32
		{84830D94-6521-4FE8-9D90-CA6DDFB6434C}.Release|x64.ActiveCfg = Release|x64
		{84830D94-6521-4FE8-9D90-CA6DDFB6434C}.Release|x64.Build.0 = Release|x64
		{84830D94-6521-4FE8-9D90-CA6DDFB6434C}.Release|x86.ActiveCfg = Release|Win32
		{84830D94-6521-4FE8-9D90-CA6DDFB6434C}.Release|x86.Build.0 = Release|Win32
		{C391EEDB-1AF8-497E-B2A4-87926CC15DFF}.Debug|x64.ActiveCfg = Debug|x64
		{C391EEDB-1AF8-497E-B2A4-87926CC15DFF}.Debug|x64.Build.0 = Debug|x64
		{C391EEDB-1AF8-497E-B2A4-87926CC15DFF}.Debug|x86.ActiveCfg = Debug|Win32
		{C391EEDB-1AF8-497E-B2A4-87926CC15DFF}.Debug|x86.Build.0 = Debug|Win32
		{C391EEDB-1AF8-497E-B2A4-87926CC15DFF}.Release|x64.ActiveCfg = Release|x64
		{C391EEDB-1AF8-497E-B2A4-87926CC15DFF}.Release|x64.Build.0 = Release|x64
		{C391EEDB-1AF8-497E-B2A4-87926CC15DFF}.Release|x86.ActiveCfg = Release|Win32
		{C391EEDB-1AF8-497E-B2A4-87926CC15DFF}.Release|x86.Build.0 = Release|Win32
	EndGlobalSection
	GlobalSection(SolutionProperties) = preSolution
		HideSolutionNode = FALSE
	EndGlobalSection
EndGlobal
